
Microsoft Visual Studio Solution File, Format Version 12.00
# Visual Studio Version 17
VisualStudioVersion = 17.11.35222.181
MinimumVisualStudioVersion = 10.0.40219.1
Project("{8BC9CEB8-8B4A-11D0-8D11-00A0C91BC942}") = "Lab1", "Lab1\Lab1.vcxproj", "{B09194E0-E366-4B5B-BCE1-AA5C6FAB1C62}"
EndProject
Global
	GlobalSection(SolutionConfigurationPlatforms) = preSolution
		Debug|x64 = Debug|x64
		Debug|x86 = Debug|x86
		Release|x64 = Release|x64
		Release|x86 = Release|x86
	EndGlobalSection
	GlobalSection(ProjectConfigurationPlatforms) = postSolution
		{B09194E0-E366-4B5B-BCE1-AA5C6FAB1C62}.Debug|x64.ActiveCfg = Debug|x64
		{B09194E0-E366-4B5B-BCE1-AA5C6FAB1C62}.Debug|x64.Build.0 = Debug|x64
		{B09194E0-E366-4B5B-BCE1-AA5C6FAB1C62}.Debug|x86.ActiveCfg = Debug|Win32
		{B09194E0-E366-4B5B-BCE1-AA5C6FAB1C62}.Debug|x86.Build.0 = Debug|Win32
		{B09194E0-E366-4B5B-BCE1-AA5C6FAB1C62}.Release|x64.ActiveCfg = Release|x64
		{B09194E0-E366-4B5B-BCE1-AA5C6FAB1C62}.Release|x64.Build.0 = Release|x64
		{B09194E0-E366-4B5B-BCE1-AA5C6FAB1C62}.Release|x86.ActiveCfg = Release|Win32
		{B09194E0-E366-4B5B-BCE1-AA5C6FAB1C62}.Release|x86.Build.0 = Release|Win32
	EndGlobalSection
	GlobalSection(SolutionProperties) = preSolution
		HideSolutionNode = FALSE
	EndGlobalSection
	GlobalSection(ExtensibilityGlobals) = postSolution
		SolutionGuid = {19F5A9A7-0CA2-4A46-A60F-9FADA6A43541}
	EndGlobalSection
EndGlobal
